{
  "originHash" : "a2fc303e4b16c93c972ef2ddc4042cf91a9400e5d1639bc9740a80c0336cdd4e",
  "pins" : [
    {
      "identity" : "posthog-ios",
      "kind" : "remoteSourceControl",
      "location" : "https://github.com/PostHog/posthog-ios",
      "state" : {
        "revision" : "6d1186fe0471f76d9b87b83e96bcb8ff5db72732",
        "version" : "3.37.2"
      }
    }
  ],
  "version" : 3
}
